// !$*UTF8*$!
{
	archiveVersion = 1;
	classes = {
	};
	objectVersion = 46;
	objects = {

/* Begin PBXBuildFile section */
		65231D621DE22C2600458D4B /* RusheeFormViewController.swift in Sources */ = {isa = PBXBuildFile; fileRef = 65231D611DE22C2600458D4B /* RusheeFormViewController.swift */; };
		65231D641DE242F500458D4B /* ios-camera-icon.jpg in Resources */ = {isa = PBXBuildFile; fileRef = 65231D631DE242F500458D4B /* ios-camera-icon.jpg */; };
		6527EDCA1DB58A4000B33385 /* default.png in Resources */ = {isa = PBXBuildFile; fileRef = 6527EDC91DB58A4000B33385 /* default.png */; };
		6527EDCC1DB58B7000B33385 /* RusheeTableViewController.swift in Sources */ = {isa = PBXBuildFile; fileRef = 6527EDCB1DB58B7000B33385 /* RusheeTableViewController.swift */; };
		65F706811DB5542600A6F647 /* AppDelegate.swift in Sources */ = {isa = PBXBuildFile; fileRef = 65F706801DB5542600A6F647 /* AppDelegate.swift */; };
		65F706831DB5542600A6F647 /* ViewController.swift in Sources */ = {isa = PBXBuildFile; fileRef = 65F706821DB5542600A6F647 /* ViewController.swift */; };
		65F706861DB5542600A6F647 /* Main.storyboard in Resources */ = {isa = PBXBuildFile; fileRef = 65F706841DB5542600A6F647 /* Main.storyboard */; };
		65F706881DB5542600A6F647 /* Assets.xcassets in Resources */ = {isa = PBXBuildFile; fileRef = 65F706871DB5542600A6F647 /* Assets.xcassets */; };
		65F7068B1DB5542600A6F647 /* LaunchScreen.storyboard in Resources */ = {isa = PBXBuildFile; fileRef = 65F706891DB5542600A6F647 /* LaunchScreen.storyboard */; };
		65F706931DB554EC00A6F647 /* GoogleService-Info.plist in Resources */ = {isa = PBXBuildFile; fileRef = 65F706921DB554EC00A6F647 /* GoogleService-Info.plist */; };
		A20B754B97F775EE46C8D8C0 /* Pods_rush_brad_app.framework in Frameworks */ = {isa = PBXBuildFile; fileRef = BA04E241E8DEFEC60876269F /* Pods_rush_brad_app.framework */; };
/* End PBXBuildFile section */

/* Begin PBXFileReference section */
		5A5E55BA00B423853DE9E7EC /* Pods-rush-brad-app.release.xcconfig */ = {isa = PBXFileReference; includeInIndex = 1; lastKnownFileType = text.xcconfig; name = "Pods-rush-brad-app.release.xcconfig"; path = "Pods/Target Support Files/Pods-rush-brad-app/Pods-rush-brad-app.release.xcconfig"; sourceTree = "<group>"; };
		65231D611DE22C2600458D4B /* RusheeFormViewController.swift */ = {isa = PBXFileReference; fileEncoding = 4; lastKnownFileType = sourcecode.swift; path = RusheeFormViewController.swift; sourceTree = "<group>"; };
		65231D631DE242F500458D4B /* ios-camera-icon.jpg */ = {isa = PBXFileReference; lastKnownFileType = image.jpeg; path = "ios-camera-icon.jpg"; sourceTree = "<group>"; };
		6527EDC91DB58A4000B33385 /* default.png */ = {isa = PBXFileReference; lastKnownFileType = image.png; path = default.png; sourceTree = "<group>"; };
		6527EDCB1DB58B7000B33385 /* RusheeTableViewController.swift */ = {isa = PBXFileReference; fileEncoding = 4; lastKnownFileType = sourcecode.swift; path = RusheeTableViewController.swift; sourceTree = "<group>"; };
		65F7067D1DB5542600A6F647 /* rush-brad-app.app */ = {isa = PBXFileReference; explicitFileType = wrapper.application; includeInIndex = 0; path = "rush-brad-app.app"; sourceTree = BUILT_PRODUCTS_DIR; };
		65F706801DB5542600A6F647 /* AppDelegate.swift */ = {isa = PBXFileReference; lastKnownFileType = sourcecode.swift; path = AppDelegate.swift; sourceTree = "<group>"; };
		65F706821DB5542600A6F647 /* ViewController.swift */ = {isa = PBXFileReference; lastKnownFileType = sourcecode.swift; path = ViewController.swift; sourceTree = "<group>"; };
		65F706851DB5542600A6F647 /* Base */ = {isa = PBXFileReference; lastKnownFileType = file.storyboard; name = Base; path = Base.lproj/Main.storyboard; sourceTree = "<group>"; };
		65F706871DB5542600A6F647 /* Assets.xcassets */ = {isa = PBXFileReference; lastKnownFileType = folder.assetcatalog; path = Assets.xcassets; sourceTree = "<group>"; };
		65F7068A1DB5542600A6F647 /* Base */ = {isa = PBXFileReference; lastKnownFileType = file.storyboard; name = Base; path = Base.lproj/LaunchScreen.storyboard; sourceTree = "<group>"; };
		65F7068C1DB5542600A6F647 /* Info.plist */ = {isa = PBXFileReference; lastKnownFileType = text.plist.xml; path = Info.plist; sourceTree = "<group>"; };
		65F706921DB554EC00A6F647 /* GoogleService-Info.plist */ = {isa = PBXFileReference; fileEncoding = 4; lastKnownFileType = text.plist.xml; path = "GoogleService-Info.plist"; sourceTree = "<group>"; };
		924D2B484AA77587D47349BD /* Pods-rush-brad-app.debug.xcconfig */ = {isa = PBXFileReference; includeInIndex = 1; lastKnownFileType = text.xcconfig; name = "Pods-rush-brad-app.debug.xcconfig"; path = "Pods/Target Support Files/Pods-rush-brad-app/Pods-rush-brad-app.debug.xcconfig"; sourceTree = "<group>"; };
		BA04E241E8DEFEC60876269F /* Pods_rush_brad_app.framework */ = {isa = PBXFileReference; explicitFileType = wrapper.framework; includeInIndex = 0; path = Pods_rush_brad_app.framework; sourceTree = BUILT_PRODUCTS_DIR; };
/* End PBXFileReference section */

/* Begin PBXFrameworksBuildPhase section */
		65F7067A1DB5542600A6F647 /* Frameworks */ = {
			isa = PBXFrameworksBuildPhase;
			buildActionMask = 2147483647;
			files = (
				A20B754B97F775EE46C8D8C0 /* Pods_rush_brad_app.framework in Frameworks */,
			);
			runOnlyForDeploymentPostprocessing = 0;
		};
/* End PBXFrameworksBuildPhase section */

/* Begin PBXGroup section */
		1B06A56052641DDD12FCF064 /* Frameworks */ = {
			isa = PBXGroup;
			children = (
				BA04E241E8DEFEC60876269F /* Pods_rush_brad_app.framework */,
			);
			name = Frameworks;
			sourceTree = "<group>";
		};
		65F706741DB5542600A6F647 = {
			isa = PBXGroup;
			children = (
				65F7067F1DB5542600A6F647 /* rush-brad-app */,
				65F7067E1DB5542600A6F647 /* Products */,
				7CE74BF28E20FE110C070FC8 /* Pods */,
				1B06A56052641DDD12FCF064 /* Frameworks */,
			);
			sourceTree = "<group>";
		};
		65F7067E1DB5542600A6F647 /* Products */ = {
			isa = PBXGroup;
			children = (
				65F7067D1DB5542600A6F647 /* rush-brad-app.app */,
			);
			name = Products;
			sourceTree = "<group>";
		};
		65F7067F1DB5542600A6F647 /* rush-brad-app */ = {
			isa = PBXGroup;
			children = (
				65F706801DB5542600A6F647 /* AppDelegate.swift */,
				65F706821DB5542600A6F647 /* ViewController.swift */,
				6527EDCB1DB58B7000B33385 /* RusheeTableViewController.swift */,
				65231D611DE22C2600458D4B /* RusheeFormViewController.swift */,
				65F706841DB5542600A6F647 /* Main.storyboard */,
				65231D631DE242F500458D4B /* ios-camera-icon.jpg */,
				6527EDC91DB58A4000B33385 /* default.png */,
				65F706871DB5542600A6F647 /* Assets.xcassets */,
				65F706921DB554EC00A6F647 /* GoogleService-Info.plist */,
				65F706891DB5542600A6F647 /* LaunchScreen.storyboard */,
				65F7068C1DB5542600A6F647 /* Info.plist */,
			);
			path = "rush-brad-app";
			sourceTree = "<group>";
		};
		7CE74BF28E20FE110C070FC8 /* Pods */ = {
			isa = PBXGroup;
			children = (
				924D2B484AA77587D47349BD /* Pods-rush-brad-app.debug.xcconfig */,
				5A5E55BA00B423853DE9E7EC /* Pods-rush-brad-app.release.xcconfig */,
			);
			name = Pods;
			sourceTree = "<group>";
		};
/* End PBXGroup section */

/* Begin PBXNativeTarget section */
		65F7067C1DB5542600A6F647 /* rush-brad-app */ = {
			isa = PBXNativeTarget;
			buildConfigurationList = 65F7068F1DB5542600A6F647 /* Build configuration list for PBXNativeTarget "rush-brad-app" */;
			buildPhases = (
				C37210D6D1CF6A9D7BB41376 /* [CP] Check Pods Manifest.lock */,
				65F706791DB5542600A6F647 /* Sources */,
				65F7067A1DB5542600A6F647 /* Frameworks */,
				65F7067B1DB5542600A6F647 /* Resources */,
				2D207629746904E7369359DF /* [CP] Embed Pods Frameworks */,
				943D41C9805505F85DB62299 /* [CP] Copy Pods Resources */,
			);
			buildRules = (
			);
			dependencies = (
			);
			name = "rush-brad-app";
			productName = "rush-brad-app";
			productReference = 65F7067D1DB5542600A6F647 /* rush-brad-app.app */;
			productType = "com.apple.product-type.application";
		};
/* End PBXNativeTarget section */

/* Begin PBXProject section */
		65F706751DB5542600A6F647 /* Project object */ = {
			isa = PBXProject;
			attributes = {
				LastSwiftUpdateCheck = 0800;
				LastUpgradeCheck = 0810;
				ORGANIZATIONNAME = "Tommy Romano";
				TargetAttributes = {
					65F7067C1DB5542600A6F647 = {
						CreatedOnToolsVersion = 8.0;
						DevelopmentTeam = U6J58C8CJT;
						ProvisioningStyle = Automatic;
					};
				};
			};
			buildConfigurationList = 65F706781DB5542600A6F647 /* Build configuration list for PBXProject "rush-brad-app" */;
			compatibilityVersion = "Xcode 3.2";
			developmentRegion = English;
			hasScannedForEncodings = 0;
			knownRegions = (
				en,
				Base,
			);
			mainGroup = 65F706741DB5542600A6F647;
			productRefGroup = 65F7067E1DB5542600A6F647 /* Products */;
			projectDirPath = "";
			projectRoot = "";
			targets = (
				65F7067C1DB5542600A6F647 /* rush-brad-app */,
			);
		};
/* End PBXProject section */

/* Begin PBXResourcesBuildPhase section */
		65F7067B1DB5542600A6F647 /* Resources */ = {
			isa = PBXResourcesBuildPhase;
			buildActionMask = 2147483647;
			files = (
				65F7068B1DB5542600A6F647 /* LaunchScreen.storyboard in Resources */,
				65F706931DB554EC00A6F647 /* GoogleService-Info.plist in Resources */,
				65F706881DB5542600A6F647 /* Assets.xcassets in Resources */,
				65231D641DE242F500458D4B /* ios-camera-icon.jpg in Resources */,
				65F706861DB5542600A6F647 /* Main.storyboard in Resources */,
				6527EDCA1DB58A4000B33385 /* default.png in Resources */,
			);
			runOnlyForDeploymentPostprocessing = 0;
		};
/* End PBXResourcesBuildPhase section */

/* Begin PBXShellScriptBuildPhase section */
		2D207629746904E7369359DF /* [CP] Embed Pods Frameworks */ = {
			isa = PBXShellScriptBuildPhase;
			buildActionMask = 2147483647;
			files = (
			);
			inputPaths = (
			);
			name = "[CP] Embed Pods Frameworks";
			outputPaths = (
			);
			runOnlyForDeploymentPostprocessing = 0;
			shellPath = /bin/sh;
			shellScript = "\"${SRCROOT}/Pods/Target Support Files/Pods-rush-brad-app/Pods-rush-brad-app-frameworks.sh\"\n";
			showEnvVarsInLog = 0;
		};
		943D41C9805505F85DB62299 /* [CP] Copy Pods Resources */ = {
			isa = PBXShellScriptBuildPhase;
			buildActionMask = 2147483647;
			files = (
			);
			inputPaths = (
			);
			name = "[CP] Copy Pods Resources";
			outputPaths = (
			);
			runOnlyForDeploymentPostprocessing = 0;
			shellPath = /bin/sh;
			shellScript = "\"${SRCROOT}/Pods/Target Support Files/Pods-rush-brad-app/Pods-rush-brad-app-resources.sh\"\n";
			showEnvVarsInLog = 0;
		};
		C37210D6D1CF6A9D7BB41376 /* [CP] Check Pods Manifest.lock */ = {
			isa = PBXShellScriptBuildPhase;
			buildActionMask = 2147483647;
			files = (
			);
			inputPaths = (
			);
			name = "[CP] Check Pods Manifest.lock";
			outputPaths = (
			);
			runOnlyForDeploymentPostprocessing = 0;
			shellPath = /bin/sh;
			shellScript = "diff \"${PODS_ROOT}/../Podfile.lock\" \"${PODS_ROOT}/Manifest.lock\" > /dev/null\nif [ $? != 0 ] ; then\n    # print error to STDERR\n    echo \"error: The sandbox is not in sync with the Podfile.lock. Run 'pod install' or update your CocoaPods installation.\" >&2\n    exit 1\nfi\n";
			showEnvVarsInLog = 0;
		};
/* End PBXShellScriptBuildPhase section */

/* Begin PBXSourcesBuildPhase section */
		65F706791DB5542600A6F647 /* Sources */ = {
			isa = PBXSourcesBuildPhase;
			buildActionMask = 2147483647;
			files = (
				65231D621DE22C2600458D4B /* RusheeFormViewController.swift in Sources */,
				65F706831DB5542600A6F647 /* ViewController.swift in Sources */,
				65F706811DB5542600A6F647 /* AppDelegate.swift in Sources */,
				6527EDCC1DB58B7000B33385 /* RusheeTableViewController.swift in Sources */,
			);
			runOnlyForDeploymentPostprocessing = 0;
		};
/* End PBXSourcesBuildPhase section */

/* Begin PBXVariantGroup section */
		65F706841DB5542600A6F647 /* Main.storyboard */ = {
			isa = PBXVariantGroup;
			children = (
				65F706851DB5542600A6F647 /* Base */,
			);
			name = Main.storyboard;
			sourceTree = "<group>";
		};
		65F706891DB5542600A6F647 /* LaunchScreen.storyboard */ = {
			isa = PBXVariantGroup;
			children = (
				65F7068A1DB5542600A6F647 /* Base */,
			);
			name = LaunchScreen.storyboard;
			sourceTree = "<group>";
		};
/* End PBXVariantGroup section */

/* Begin XCBuildConfiguration section */
		65F7068D1DB5542600A6F647 /* Debug */ = {
			isa = XCBuildConfiguration;
			buildSettings = {
				ALWAYS_SEARCH_USER_PATHS = NO;
				CLANG_ANALYZER_NONNULL = YES;
				CLANG_CXX_LANGUAGE_STANDARD = "gnu++0x";
				CLANG_CXX_LIBRARY = "libc++";
				CLANG_ENABLE_MODULES = YES;
				CLANG_ENABLE_OBJC_ARC = YES;
				CLANG_WARN_BOOL_CONVERSION = YES;
				CLANG_WARN_CONSTANT_CONVERSION = YES;
				CLANG_WARN_DIRECT_OBJC_ISA_USAGE = YES_ERROR;
				CLANG_WARN_DOCUMENTATION_COMMENTS = YES;
				CLANG_WARN_EMPTY_BODY = YES;
				CLANG_WARN_ENUM_CONVERSION = YES;
				CLANG_WARN_INFINITE_RECURSION = YES;
				CLANG_WARN_INT_CONVERSION = YES;
				CLANG_WARN_OBJC_ROOT_CLASS = YES_ERROR;
				CLANG_WARN_SUSPICIOUS_MOVE = YES;
				CLANG_WARN_SUSPICIOUS_MOVES = YES;
				CLANG_WARN_UNREACHABLE_CODE = YES;
				CLANG_WARN__DUPLICATE_METHOD_MATCH = YES;
				"CODE_SIGN_IDENTITY[sdk=iphoneos*]" = "iPhone Developer";
				COPY_PHASE_STRIP = NO;
				DEBUG_INFORMATION_FORMAT = dwarf;
				ENABLE_STRICT_OBJC_MSGSEND = YES;
				ENABLE_TESTABILITY = YES;
				GCC_C_LANGUAGE_STANDARD = gnu99;
				GCC_DYNAMIC_NO_PIC = NO;
				GCC_NO_COMMON_BLOCKS = YES;
				GCC_OPTIMIZATION_LEVEL = 0;
				GCC_PREPROCESSOR_DEFINITIONS = (
					"DEBUG=1",
					"$(inherited)",
				);
				GCC_WARN_64_TO_32_BIT_CONVERSION = YES;
				GCC_WARN_ABOUT_RETURN_TYPE = YES_ERROR;
				GCC_WARN_UNDECLARED_SELECTOR = YES;
				GCC_WARN_UNINITIALIZED_AUTOS = YES_AGGRESSIVE;
				GCC_WARN_UNUSED_FUNCTION = YES;
				GCC_WARN_UNUSED_VARIABLE = YES;
				IPHONEOS_DEPLOYMENT_TARGET = 10.0;
				MTL_ENABLE_DEBUG_INFO = YES;
				ONLY_ACTIVE_ARCH = YES;
				SDKROOT = iphoneos;
				SWIFT_ACTIVE_COMPILATION_CONDITIONS = DEBUG;
				SWIFT_OPTIMIZATION_LEVEL = "-Onone";
				TARGETED_DEVICE_FAMILY = "1,2";
			};
			name = Debug;
		};
		65F7068E1DB5542600A6F647 /* Release */ = {
			isa = XCBuildConfiguration;
			buildSettings = {
				ALWAYS_SEARCH_USER_PATHS = NO;
				CLANG_ANALYZER_NONNULL = YES;
				CLANG_CXX_LANGUAGE_STANDARD = "gnu++0x";
				CLANG_CXX_LIBRARY = "libc++";
				CLANG_ENABLE_MODULES = YES;
				CLANG_ENABLE_OBJC_ARC = YES;
				CLANG_WARN_BOOL_CONVERSION = YES;
				CLANG_WARN_CONSTANT_CONVERSION = YES;
				CLANG_WARN_DIRECT_OBJC_ISA_USAGE = YES_ERROR;
				CLANG_WARN_DOCUMENTATION_COMMENTS = YES;
				CLANG_WARN_EMPTY_BODY = YES;
				CLANG_WARN_ENUM_CONVERSION = YES;
				CLANG_WARN_INFINITE_RECURSION = YES;
				CLANG_WARN_INT_CONVERSION = YES;
				CLANG_WARN_OBJC_ROOT_CLASS = YES_ERROR;
				CLANG_WARN_SUSPICIOUS_MOVE = YES;
				CLANG_WARN_SUSPICIOUS_MOVES = YES;
				CLANG_WARN_UNREACHABLE_CODE = YES;
				CLANG_WARN__DUPLICATE_METHOD_MATCH = YES;
				"CODE_SIGN_IDENTITY[sdk=iphoneos*]" = "iPhone Developer";
				COPY_PHASE_STRIP = NO;
				DEBUG_INFORMATION_FORMAT = "dwarf-with-dsym";
				ENABLE_NS_ASSERTIONS = NO;
				ENABLE_STRICT_OBJC_MSGSEND = YES;
				GCC_C_LANGUAGE_STANDARD = gnu99;
				GCC_NO_COMMON_BLOCKS = YES;
				GCC_WARN_64_TO_32_BIT_CONVERSION = YES;
				GCC_WARN_ABOUT_RETURN_TYPE = YES_ERROR;
				GCC_WARN_UNDECLARED_SELECTOR = YES;
				GCC_WARN_UNINITIALIZED_AUTOS = YES_AGGRESSIVE;
				GCC_WARN_UNUSED_FUNCTION = YES;
				GCC_WARN_UNUSED_VARIABLE = YES;
				IPHONEOS_DEPLOYMENT_TARGET = 10.0;
				MTL_ENABLE_DEBUG_INFO = NO;
				SDKROOT = iphoneos;
				SWIFT_OPTIMIZATION_LEVEL = "-Owholemodule";
				TARGETED_DEVICE_FAMILY = "1,2";
				VALIDATE_PRODUCT = YES;
			};
			name = Release;
		};
		65F706901DB5542600A6F647 /* Debug */ = {
			isa = XCBuildConfiguration;
			baseConfigurationReference = 924D2B484AA77587D47349BD /* Pods-rush-brad-app.debug.xcconfig */;
			buildSettings = {
				ALWAYS_EMBED_SWIFT_STANDARD_LIBRARIES = YES;
				ASSETCATALOG_COMPILER_APPICON_NAME = AppIcon;
				DEVELOPMENT_TEAM = U6J58C8CJT;
				INFOPLIST_FILE = "rush-brad-app/Info.plist";
				LD_RUNPATH_SEARCH_PATHS = "$(inherited) @executable_path/Frameworks";
				PRODUCT_BUNDLE_IDENTIFIER = "edu.duke.tjr15.rush-brad-app";
				PRODUCT_NAME = "$(TARGET_NAME)";
				SWIFT_VERSION = 3.0;
			};
			name = Debug;
		};
		65F706911DB5542600A6F647 /* Release */ = {
			isa = XCBuildConfiguration;
			baseConfigurationReference = 5A5E55BA00B423853DE9E7EC /* Pods-rush-brad-app.release.xcconfig */;
			buildSettings = {
				ALWAYS_EMBED_SWIFT_STANDARD_LIBRARIES = YES;
				ASSETCATALOG_COMPILER_APPICON_NAME = AppIcon;
				DEVELOPMENT_TEAM = U6J58C8CJT;
				INFOPLIST_FILE = "rush-brad-app/Info.plist";
				LD_RUNPATH_SEARCH_PATHS = "$(inherited) @executable_path/Frameworks";
				PRODUCT_BUNDLE_IDENTIFIER = "edu.duke.tjr15.rush-brad-app";
				PRODUCT_NAME = "$(TARGET_NAME)";
				SWIFT_VERSION = 3.0;
			};
			name = Release;
		};
/* End XCBuildConfiguration section */

/* Begin XCConfigurationList section */
		65F706781DB5542600A6F647 /* Build configuration list for PBXProject "rush-brad-app" */ = {
			isa = XCConfigurationList;
			buildConfigurations = (
				65F7068D1DB5542600A6F647 /* Debug */,
				65F7068E1DB5542600A6F647 /* Release */,
			);
			defaultConfigurationIsVisible = 0;
			defaultConfigurationName = Release;
		};
		65F7068F1DB5542600A6F647 /* Build configuration list for PBXNativeTarget "rush-brad-app" */ = {
			isa = XCConfigurationList;
			buildConfigurations = (
				65F706901DB5542600A6F647 /* Debug */,
				65F706911DB5542600A6F647 /* Release */,
			);
			defaultConfigurationIsVisible = 0;
			defaultConfigurationName = Release;
		};
/* End XCConfigurationList section */
	};
	rootObject = 65F706751DB5542600A6F647 /* Project object */;
}
